
Microsoft Visual Studio Solution File, Format Version 12.00
# Visual Studio Version 17
VisualStudioVersion = 17.8.34525.116
MinimumVisualStudioVersion = 10.0.40219.1
Project("{FAE04EC0-301F-11D3-BF4B-00C04F79EFBC}") = "UI NSPT Grade Inventory", "UI NSPT Grade Inventory\UI NSPT Grade Inventory.csproj", "{FDFEC560-B2A9-4CF7-A520-8A40BC1AF37A}"
EndProject
Global
	GlobalSection(SolutionConfigurationPlatforms) = preSolution
		Debug|Any CPU = Debug|Any CPU
		Release|Any CPU = Release|Any CPU
	EndGlobalSection
	GlobalSection(ProjectConfigurationPlatforms) = postSolution
		{FDFEC560-B2A9-4CF7-A520-8A40BC1AF37A}.Debug|Any CPU.ActiveCfg = Debug|Any CPU
		{FDFEC560-B2A9-4CF7-A520-8A40BC1AF37A}.Debug|Any CPU.Build.0 = Debug|Any CPU
		{FDFEC560-B2A9-4CF7-A520-8A40BC1AF37A}.Release|Any CPU.ActiveCfg = Release|Any CPU
		{FDFEC560-B2A9-4CF7-A520-8A40BC1AF37A}.Release|Any CPU.Build.0 = Release|Any CPU
	EndGlobalSection
	GlobalSection(SolutionProperties) = preSolution
		HideSolutionNode = FALSE
	EndGlobalSection
	GlobalSection(ExtensibilityGlobals) = postSolution
		SolutionGuid = {DA32F443-B8A1-4B81-AFF5-2D7703FB2ABE}
	EndGlobalSection
EndGlobal
